
Microsoft Visual Studio Solution File, Format Version 11.00
# Visual Studio 2010
Project("{FAE04EC0-301F-11D3-BF4B-00C04F79EFBC}") = "MXiTunesRemote", "MXiTunesRemote.csproj", "{C4789772-5A90-44D2-AB06-DC9273920196}"
EndProject
Global
	GlobalSection(SolutionConfigurationPlatforms) = preSolution
		Debug|x86 = Debug|x86
		Release|x86 = Release|x86
	EndGlobalSection
	GlobalSection(ProjectConfigurationPlatforms) = postSolution
		{C4789772-5A90-44D2-AB06-DC9273920196}.Debug|x86.ActiveCfg = Debug|x86
		{C4789772-5A90-44D2-AB06-DC9273920196}.Debug|x86.Build.0 = Debug|x86
		{C4789772-5A90-44D2-AB06-DC9273920196}.Release|x86.ActiveCfg = Release|x86
		{C4789772-5A90-44D2-AB06-DC9273920196}.Release|x86.Build.0 = Release|x86
	EndGlobalSection
	GlobalSection(SolutionProperties) = preSolution
		HideSolutionNode = FALSE
	EndGlobalSection
EndGlobal
